// !$*UTF8*$!
{
	archiveVersion = 1;
	classes = {
	};
	objectVersion = 56;
	objects = {

/* Begin PBXBuildFile section */
		A638990C2C886DBC00026223 /* SearchAndFilterBar.swift in Sources */ = {isa = PBXBuildFile; fileRef = A638990B2C886DBC00026223 /* SearchAndFilterBar.swift */; };
		A638990E2C88734300026223 /* ListingDetailView.swift in Sources */ = {isa = PBXBuildFile; fileRef = A638990D2C88734300026223 /* ListingDetailView.swift */; };
		A63899122C8873CC00026223 /* ListingImageCarouselView.swift in Sources */ = {isa = PBXBuildFile; fileRef = A63899112C8873CC00026223 /* ListingImageCarouselView.swift */; };
		A6AAEDF62C87714000C4CCB9 /* AirBnCApp.swift in Sources */ = {isa = PBXBuildFile; fileRef = A6AAEDF52C87714000C4CCB9 /* AirBnCApp.swift */; };
		A6AAEDF82C87714000C4CCB9 /* ContentView.swift in Sources */ = {isa = PBXBuildFile; fileRef = A6AAEDF72C87714000C4CCB9 /* ContentView.swift */; };
		A6AAEDFA2C87714100C4CCB9 /* Assets.xcassets in Resources */ = {isa = PBXBuildFile; fileRef = A6AAEDF92C87714100C4CCB9 /* Assets.xcassets */; };
		A6AAEDFD2C87714100C4CCB9 /* Preview Assets.xcassets in Resources */ = {isa = PBXBuildFile; fileRef = A6AAEDFC2C87714100C4CCB9 /* Preview Assets.xcassets */; };
		A6AAEE0F2C8772AF00C4CCB9 /* ExploreView.swift in Sources */ = {isa = PBXBuildFile; fileRef = A6AAEE0E2C8772AF00C4CCB9 /* ExploreView.swift */; };
		A6AAEE132C8774F500C4CCB9 /* ListingItemView.swift in Sources */ = {isa = PBXBuildFile; fileRef = A6AAEE122C8774F500C4CCB9 /* ListingItemView.swift */; };
/* End PBXBuildFile section */

/* Begin PBXFileReference section */
		A638990B2C886DBC00026223 /* SearchAndFilterBar.swift */ = {isa = PBXFileReference; lastKnownFileType = sourcecode.swift; path = SearchAndFilterBar.swift; sourceTree = "<group>"; };
		A638990D2C88734300026223 /* ListingDetailView.swift */ = {isa = PBXFileReference; lastKnownFileType = sourcecode.swift; path = ListingDetailView.swift; sourceTree = "<group>"; };
		A63899112C8873CC00026223 /* ListingImageCarouselView.swift */ = {isa = PBXFileReference; lastKnownFileType = sourcecode.swift; path = ListingImageCarouselView.swift; sourceTree = "<group>"; };
		A6AAEDF22C87714000C4CCB9 /* AirBnC.app */ = {isa = PBXFileReference; explicitFileType = wrapper.application; includeInIndex = 0; path = AirBnC.app; sourceTree = BUILT_PRODUCTS_DIR; };
		A6AAEDF52C87714000C4CCB9 /* AirBnCApp.swift */ = {isa = PBXFileReference; lastKnownFileType = sourcecode.swift; path = AirBnCApp.swift; sourceTree = "<group>"; };
		A6AAEDF72C87714000C4CCB9 /* ContentView.swift */ = {isa = PBXFileReference; lastKnownFileType = sourcecode.swift; path = ContentView.swift; sourceTree = "<group>"; };
		A6AAEDF92C87714100C4CCB9 /* Assets.xcassets */ = {isa = PBXFileReference; lastKnownFileType = folder.assetcatalog; path = Assets.xcassets; sourceTree = "<group>"; };
		A6AAEDFC2C87714100C4CCB9 /* Preview Assets.xcassets */ = {isa = PBXFileReference; lastKnownFileType = folder.assetcatalog; path = "Preview Assets.xcassets"; sourceTree = "<group>"; };
		A6AAEE0E2C8772AF00C4CCB9 /* ExploreView.swift */ = {isa = PBXFileReference; lastKnownFileType = sourcecode.swift; path = ExploreView.swift; sourceTree = "<group>"; };
		A6AAEE122C8774F500C4CCB9 /* ListingItemView.swift */ = {isa = PBXFileReference; lastKnownFileType = sourcecode.swift; path = ListingItemView.swift; sourceTree = "<group>"; };
/* End PBXFileReference section */

/* Begin PBXFrameworksBuildPhase section */
		A6AAEDEF2C87714000C4CCB9 /* Frameworks */ = {
			isa = PBXFrameworksBuildPhase;
			buildActionMask = 2147483647;
			files = (
			);
			runOnlyForDeploymentPostprocessing = 0;
		};
/* End PBXFrameworksBuildPhase section */

/* Begin PBXGroup section */
		A63899102C8873B400026223 /* Components */ = {
			isa = PBXGroup;
			children = (
				A63899112C8873CC00026223 /* ListingImageCarouselView.swift */,
			);
			path = Components;
			sourceTree = "<group>";
		};
		A6AAEDE92C87714000C4CCB9 = {
			isa = PBXGroup;
			children = (
				A6AAEDF42C87714000C4CCB9 /* AirBnC */,
				A6AAEDF32C87714000C4CCB9 /* Products */,
			);
			sourceTree = "<group>";
		};
		A6AAEDF32C87714000C4CCB9 /* Products */ = {
			isa = PBXGroup;
			children = (
				A6AAEDF22C87714000C4CCB9 /* AirBnC.app */,
			);
			name = Products;
			sourceTree = "<group>";
		};
		A6AAEDF42C87714000C4CCB9 /* AirBnC */ = {
			isa = PBXGroup;
			children = (
				A6AAEDF72C87714000C4CCB9 /* ContentView.swift */,
				A6AAEDF92C87714100C4CCB9 /* Assets.xcassets */,
				A6AAEE032C87714B00C4CCB9 /* App */,
				A6AAEE052C8771D500C4CCB9 /* Core */,
				A6AAEE082C8771EB00C4CCB9 /* Extensions */,
				A6AAEE072C8771E400C4CCB9 /* Models */,
				A6AAEDFB2C87714100C4CCB9 /* Preview Content */,
				A6AAEE062C8771E000C4CCB9 /* Utils */,
			);
			path = AirBnC;
			sourceTree = "<group>";
		};
		A6AAEDFB2C87714100C4CCB9 /* Preview Content */ = {
			isa = PBXGroup;
			children = (
				A6AAEDFC2C87714100C4CCB9 /* Preview Assets.xcassets */,
			);
			path = "Preview Content";
			sourceTree = "<group>";
		};
		A6AAEE032C87714B00C4CCB9 /* App */ = {
			isa = PBXGroup;
			children = (
				A6AAEDF52C87714000C4CCB9 /* AirBnCApp.swift */,
			);
			path = App;
			sourceTree = "<group>";
		};
		A6AAEE042C8771D000C4CCB9 /* Explore */ = {
			isa = PBXGroup;
			children = (
				A6AAEE0E2C8772AF00C4CCB9 /* ExploreView.swift */,
				A638990B2C886DBC00026223 /* SearchAndFilterBar.swift */,
			);
			path = Explore;
			sourceTree = "<group>";
		};
		A6AAEE052C8771D500C4CCB9 /* Core */ = {
			isa = PBXGroup;
			children = (
				A63899102C8873B400026223 /* Components */,
				A6AAEE042C8771D000C4CCB9 /* Explore */,
				A6AAEE0C2C87722500C4CCB9 /* Listings */,
				A6AAEE0D2C87722C00C4CCB9 /* MapView */,
				A6AAEE0A2C87721E00C4CCB9 /* Profile */,
				A6AAEE0B2C87722100C4CCB9 /* Root */,
				A6AAEE092C87721B00C4CCB9 /* TabBar */,
			);
			path = Core;
			sourceTree = "<group>";
		};
		A6AAEE062C8771E000C4CCB9 /* Utils */ = {
			isa = PBXGroup;
			children = (
			);
			path = Utils;
			sourceTree = "<group>";
		};
		A6AAEE072C8771E400C4CCB9 /* Models */ = {
			isa = PBXGroup;
			children = (
			);
			path = Models;
			sourceTree = "<group>";
		};
		A6AAEE082C8771EB00C4CCB9 /* Extensions */ = {
			isa = PBXGroup;
			children = (
			);
			path = Extensions;
			sourceTree = "<group>";
		};
		A6AAEE092C87721B00C4CCB9 /* TabBar */ = {
			isa = PBXGroup;
			children = (
			);
			path = TabBar;
			sourceTree = "<group>";
		};
		A6AAEE0A2C87721E00C4CCB9 /* Profile */ = {
			isa = PBXGroup;
			children = (
			);
			path = Profile;
			sourceTree = "<group>";
		};
		A6AAEE0B2C87722100C4CCB9 /* Root */ = {
			isa = PBXGroup;
			children = (
			);
			path = Root;
			sourceTree = "<group>";
		};
		A6AAEE0C2C87722500C4CCB9 /* Listings */ = {
			isa = PBXGroup;
			children = (
				A6AAEE122C8774F500C4CCB9 /* ListingItemView.swift */,
				A638990D2C88734300026223 /* ListingDetailView.swift */,
			);
			path = Listings;
			sourceTree = "<group>";
		};
		A6AAEE0D2C87722C00C4CCB9 /* MapView */ = {
			isa = PBXGroup;
			children = (
			);
			path = MapView;
			sourceTree = "<group>";
		};
/* End PBXGroup section */

/* Begin PBXNativeTarget section */
		A6AAEDF12C87714000C4CCB9 /* AirBnC */ = {
			isa = PBXNativeTarget;
			buildConfigurationList = A6AAEE002C87714100C4CCB9 /* Build configuration list for PBXNativeTarget "AirBnC" */;
			buildPhases = (
				A6AAEDEE2C87714000C4CCB9 /* Sources */,
				A6AAEDEF2C87714000C4CCB9 /* Frameworks */,
				A6AAEDF02C87714000C4CCB9 /* Resources */,
			);
			buildRules = (
			);
			dependencies = (
			);
			name = AirBnC;
			productName = AirBnC;
			productReference = A6AAEDF22C87714000C4CCB9 /* AirBnC.app */;
			productType = "com.apple.product-type.application";
		};
/* End PBXNativeTarget section */

/* Begin PBXProject section */
		A6AAEDEA2C87714000C4CCB9 /* Project object */ = {
			isa = PBXProject;
			attributes = {
				BuildIndependentTargetsInParallel = 1;
				LastSwiftUpdateCheck = 1540;
				LastUpgradeCheck = 1540;
				TargetAttributes = {
					A6AAEDF12C87714000C4CCB9 = {
						CreatedOnToolsVersion = 15.4;
					};
				};
			};
			buildConfigurationList = A6AAEDED2C87714000C4CCB9 /* Build configuration list for PBXProject "AirBnC" */;
			compatibilityVersion = "Xcode 14.0";
			developmentRegion = en;
			hasScannedForEncodings = 0;
			knownRegions = (
				en,
				Base,
			);
			mainGroup = A6AAEDE92C87714000C4CCB9;
			productRefGroup = A6AAEDF32C87714000C4CCB9 /* Products */;
			projectDirPath = "";
			projectRoot = "";
			targets = (
				A6AAEDF12C87714000C4CCB9 /* AirBnC */,
			);
		};
/* End PBXProject section */

/* Begin PBXResourcesBuildPhase section */
		A6AAEDF02C87714000C4CCB9 /* Resources */ = {
			isa = PBXResourcesBuildPhase;
			buildActionMask = 2147483647;
			files = (
				A6AAEDFD2C87714100C4CCB9 /* Preview Assets.xcassets in Resources */,
				A6AAEDFA2C87714100C4CCB9 /* Assets.xcassets in Resources */,
			);
			runOnlyForDeploymentPostprocessing = 0;
		};
/* End PBXResourcesBuildPhase section */

/* Begin PBXSourcesBuildPhase section */
		A6AAEDEE2C87714000C4CCB9 /* Sources */ = {
			isa = PBXSourcesBuildPhase;
			buildActionMask = 2147483647;
			files = (
				A63899122C8873CC00026223 /* ListingImageCarouselView.swift in Sources */,
				A6AAEE132C8774F500C4CCB9 /* ListingItemView.swift in Sources */,
				A6AAEDF82C87714000C4CCB9 /* ContentView.swift in Sources */,
				A6AAEE0F2C8772AF00C4CCB9 /* ExploreView.swift in Sources */,
				A638990C2C886DBC00026223 /* SearchAndFilterBar.swift in Sources */,
				A638990E2C88734300026223 /* ListingDetailView.swift in Sources */,
				A6AAEDF62C87714000C4CCB9 /* AirBnCApp.swift in Sources */,
			);
			runOnlyForDeploymentPostprocessing = 0;
		};
/* End PBXSourcesBuildPhase section */

/* Begin XCBuildConfiguration section */
		A6AAEDFE2C87714100C4CCB9 /* Debug */ = {
			isa = XCBuildConfiguration;
			buildSettings = {
				ALWAYS_SEARCH_USER_PATHS = NO;
				ASSETCATALOG_COMPILER_GENERATE_SWIFT_ASSET_SYMBOL_EXTENSIONS = YES;
				CLANG_ANALYZER_NONNULL = YES;
				CLANG_ANALYZER_NUMBER_OBJECT_CONVERSION = YES_AGGRESSIVE;
				CLANG_CXX_LANGUAGE_STANDARD = "gnu++20";
				CLANG_ENABLE_MODULES = YES;
				CLANG_ENABLE_OBJC_ARC = YES;
				CLANG_ENABLE_OBJC_WEAK = YES;
				CLANG_WARN_BLOCK_CAPTURE_AUTORELEASING = YES;
				CLANG_WARN_BOOL_CONVERSION = YES;
				CLANG_WARN_COMMA = YES;
				CLANG_WARN_CONSTANT_CONVERSION = YES;
				CLANG_WARN_DEPRECATED_OBJC_IMPLEMENTATIONS = YES;
				CLANG_WARN_DIRECT_OBJC_ISA_USAGE = YES_ERROR;
				CLANG_WARN_DOCUMENTATION_COMMENTS = YES;
				CLANG_WARN_EMPTY_BODY = YES;
				CLANG_WARN_ENUM_CONVERSION = YES;
				CLANG_WARN_INFINITE_RECURSION = YES;
				CLANG_WARN_INT_CONVERSION = YES;
				CLANG_WARN_NON_LITERAL_NULL_CONVERSION = YES;
				CLANG_WARN_OBJC_IMPLICIT_RETAIN_SELF = YES;
				CLANG_WARN_OBJC_LITERAL_CONVERSION = YES;
				CLANG_WARN_OBJC_ROOT_CLASS = YES_ERROR;
				CLANG_WARN_QUOTED_INCLUDE_IN_FRAMEWORK_HEADER = YES;
				CLANG_WARN_RANGE_LOOP_ANALYSIS = YES;
				CLANG_WARN_STRICT_PROTOTYPES = YES;
				CLANG_WARN_SUSPICIOUS_MOVE = YES;
				CLANG_WARN_UNGUARDED_AVAILABILITY = YES_AGGRESSIVE;
				CLANG_WARN_UNREACHABLE_CODE = YES;
				CLANG_WARN__DUPLICATE_METHOD_MATCH = YES;
				COPY_PHASE_STRIP = NO;
				DEBUG_INFORMATION_FORMAT = dwarf;
				ENABLE_STRICT_OBJC_MSGSEND = YES;
				ENABLE_TESTABILITY = YES;
				ENABLE_USER_SCRIPT_SANDBOXING = YES;
				GCC_C_LANGUAGE_STANDARD = gnu17;
				GCC_DYNAMIC_NO_PIC = NO;
				GCC_NO_COMMON_BLOCKS = YES;
				GCC_OPTIMIZATION_LEVEL = 0;
				GCC_PREPROCESSOR_DEFINITIONS = (
					"DEBUG=1",
					"$(inherited)",
				);
				GCC_WARN_64_TO_32_BIT_CONVERSION = YES;
				GCC_WARN_ABOUT_RETURN_TYPE = YES_ERROR;
				GCC_WARN_UNDECLARED_SELECTOR = YES;
				GCC_WARN_UNINITIALIZED_AUTOS = YES_AGGRESSIVE;
				GCC_WARN_UNUSED_FUNCTION = YES;
				GCC_WARN_UNUSED_VARIABLE = YES;
				IPHONEOS_DEPLOYMENT_TARGET = 17.5;
				LOCALIZATION_PREFERS_STRING_CATALOGS = YES;
				MTL_ENABLE_DEBUG_INFO = INCLUDE_SOURCE;
				MTL_FAST_MATH = YES;
				ONLY_ACTIVE_ARCH = YES;
				SDKROOT = iphoneos;
				SWIFT_ACTIVE_COMPILATION_CONDITIONS = "DEBUG $(inherited)";
				SWIFT_OPTIMIZATION_LEVEL = "-Onone";
			};
			name = Debug;
		};
		A6AAEDFF2C87714100C4CCB9 /* Release */ = {
			isa = XCBuildConfiguration;
			buildSettings = {
				ALWAYS_SEARCH_USER_PATHS = NO;
				ASSETCATALOG_COMPILER_GENERATE_SWIFT_ASSET_SYMBOL_EXTENSIONS = YES;
				CLANG_ANALYZER_NONNULL = YES;
				CLANG_ANALYZER_NUMBER_OBJECT_CONVERSION = YES_AGGRESSIVE;
				CLANG_CXX_LANGUAGE_STANDARD = "gnu++20";
				CLANG_ENABLE_MODULES = YES;
				CLANG_ENABLE_OBJC_ARC = YES;
				CLANG_ENABLE_OBJC_WEAK = YES;
				CLANG_WARN_BLOCK_CAPTURE_AUTORELEASING = YES;
				CLANG_WARN_BOOL_CONVERSION = YES;
				CLANG_WARN_COMMA = YES;
				CLANG_WARN_CONSTANT_CONVERSION = YES;
				CLANG_WARN_DEPRECATED_OBJC_IMPLEMENTATIONS = YES;
				CLANG_WARN_DIRECT_OBJC_ISA_USAGE = YES_ERROR;
				CLANG_WARN_DOCUMENTATION_COMMENTS = YES;
				CLANG_WARN_EMPTY_BODY = YES;
				CLANG_WARN_ENUM_CONVERSION = YES;
				CLANG_WARN_INFINITE_RECURSION = YES;
				CLANG_WARN_INT_CONVERSION = YES;
				CLANG_WARN_NON_LITERAL_NULL_CONVERSION = YES;
				CLANG_WARN_OBJC_IMPLICIT_RETAIN_SELF = YES;
				CLANG_WARN_OBJC_LITERAL_CONVERSION = YES;
				CLANG_WARN_OBJC_ROOT_CLASS = YES_ERROR;
				CLANG_WARN_QUOTED_INCLUDE_IN_FRAMEWORK_HEADER = YES;
				CLANG_WARN_RANGE_LOOP_ANALYSIS = YES;
				CLANG_WARN_STRICT_PROTOTYPES = YES;
				CLANG_WARN_SUSPICIOUS_MOVE = YES;
				CLANG_WARN_UNGUARDED_AVAILABILITY = YES_AGGRESSIVE;
				CLANG_WARN_UNREACHABLE_CODE = YES;
				CLANG_WARN__DUPLICATE_METHOD_MATCH = YES;
				COPY_PHASE_STRIP = NO;
				DEBUG_INFORMATION_FORMAT = "dwarf-with-dsym";
				ENABLE_NS_ASSERTIONS = NO;
				ENABLE_STRICT_OBJC_MSGSEND = YES;
				ENABLE_USER_SCRIPT_SANDBOXING = YES;
				GCC_C_LANGUAGE_STANDARD = gnu17;
				GCC_NO_COMMON_BLOCKS = YES;
				GCC_WARN_64_TO_32_BIT_CONVERSION = YES;
				GCC_WARN_ABOUT_RETURN_TYPE = YES_ERROR;
				GCC_WARN_UNDECLARED_SELECTOR = YES;
				GCC_WARN_UNINITIALIZED_AUTOS = YES_AGGRESSIVE;
				GCC_WARN_UNUSED_FUNCTION = YES;
				GCC_WARN_UNUSED_VARIABLE = YES;
				IPHONEOS_DEPLOYMENT_TARGET = 17.5;
				LOCALIZATION_PREFERS_STRING_CATALOGS = YES;
				MTL_ENABLE_DEBUG_INFO = NO;
				MTL_FAST_MATH = YES;
				SDKROOT = iphoneos;
				SWIFT_COMPILATION_MODE = wholemodule;
				VALIDATE_PRODUCT = YES;
			};
			name = Release;
		};
		A6AAEE012C87714100C4CCB9 /* Debug */ = {
			isa = XCBuildConfiguration;
			buildSettings = {
				ASSETCATALOG_COMPILER_APPICON_NAME = AppIcon;
				ASSETCATALOG_COMPILER_GLOBAL_ACCENT_COLOR_NAME = AccentColor;
				CODE_SIGN_STYLE = Automatic;
				CURRENT_PROJECT_VERSION = 1;
				DEVELOPMENT_ASSET_PATHS = "\"AirBnC/Preview Content\"";
				ENABLE_PREVIEWS = YES;
				GENERATE_INFOPLIST_FILE = YES;
				INFOPLIST_KEY_UIApplicationSceneManifest_Generation = YES;
				INFOPLIST_KEY_UIApplicationSupportsIndirectInputEvents = YES;
				INFOPLIST_KEY_UILaunchScreen_Generation = YES;
				INFOPLIST_KEY_UISupportedInterfaceOrientations_iPad = "UIInterfaceOrientationPortrait UIInterfaceOrientationPortraitUpsideDown UIInterfaceOrientationLandscapeLeft UIInterfaceOrientationLandscapeRight";
				INFOPLIST_KEY_UISupportedInterfaceOrientations_iPhone = "UIInterfaceOrientationPortrait UIInterfaceOrientationLandscapeLeft UIInterfaceOrientationLandscapeRight";
				LD_RUNPATH_SEARCH_PATHS = (
					"$(inherited)",
					"@executable_path/Frameworks",
				);
				MARKETING_VERSION = 1.0;
				PRODUCT_BUNDLE_IDENTIFIER = com.AirBnC;
				PRODUCT_NAME = "$(TARGET_NAME)";
				SWIFT_EMIT_LOC_STRINGS = YES;
				SWIFT_VERSION = 5.0;
				TARGETED_DEVICE_FAMILY = "1,2";
			};
			name = Debug;
		};
		A6AAEE022C87714100C4CCB9 /* Release */ = {
			isa = XCBuildConfiguration;
			buildSettings = {
				ASSETCATALOG_COMPILER_APPICON_NAME = AppIcon;
				ASSETCATALOG_COMPILER_GLOBAL_ACCENT_COLOR_NAME = AccentColor;
				CODE_SIGN_STYLE = Automatic;
				CURRENT_PROJECT_VERSION = 1;
				DEVELOPMENT_ASSET_PATHS = "\"AirBnC/Preview Content\"";
				ENABLE_PREVIEWS = YES;
				GENERATE_INFOPLIST_FILE = YES;
				INFOPLIST_KEY_UIApplicationSceneManifest_Generation = YES;
				INFOPLIST_KEY_UIApplicationSupportsIndirectInputEvents = YES;
				INFOPLIST_KEY_UILaunchScreen_Generation = YES;
				INFOPLIST_KEY_UISupportedInterfaceOrientations_iPad = "UIInterfaceOrientationPortrait UIInterfaceOrientationPortraitUpsideDown UIInterfaceOrientationLandscapeLeft UIInterfaceOrientationLandscapeRight";
				INFOPLIST_KEY_UISupportedInterfaceOrientations_iPhone = "UIInterfaceOrientationPortrait UIInterfaceOrientationLandscapeLeft UIInterfaceOrientationLandscapeRight";
				LD_RUNPATH_SEARCH_PATHS = (
					"$(inherited)",
					"@executable_path/Frameworks",
				);
				MARKETING_VERSION = 1.0;
				PRODUCT_BUNDLE_IDENTIFIER = com.AirBnC;
				PRODUCT_NAME = "$(TARGET_NAME)";
				SWIFT_EMIT_LOC_STRINGS = YES;
				SWIFT_VERSION = 5.0;
				TARGETED_DEVICE_FAMILY = "1,2";
			};
			name = Release;
		};
/* End XCBuildConfiguration section */

/* Begin XCConfigurationList section */
		A6AAEDED2C87714000C4CCB9 /* Build configuration list for PBXProject "AirBnC" */ = {
			isa = XCConfigurationList;
			buildConfigurations = (
				A6AAEDFE2C87714100C4CCB9 /* Debug */,
				A6AAEDFF2C87714100C4CCB9 /* Release */,
			);
			defaultConfigurationIsVisible = 0;
			defaultConfigurationName = Release;
		};
		A6AAEE002C87714100C4CCB9 /* Build configuration list for PBXNativeTarget "AirBnC" */ = {
			isa = XCConfigurationList;
			buildConfigurations = (
				A6AAEE012C87714100C4CCB9 /* Debug */,
				A6AAEE022C87714100C4CCB9 /* Release */,
			);
			defaultConfigurationIsVisible = 0;
			defaultConfigurationName = Release;
		};
/* End XCConfigurationList section */
	};
	rootObject = A6AAEDEA2C87714000C4CCB9 /* Project object */;
}
